
Microsoft Visual Studio Solution File, Format Version 12.00
# Visual Studio Version 17
VisualStudioVersion = 17.10.34611.17
MinimumVisualStudioVersion = 10.0.40219.1
Project("{FAE04EC0-301F-11D3-BF4B-00C04F79EFBC}") = "WebApplication376", "WebApplication376.csproj", "{BC8989B1-67BC-4455-A4FF-FEED8008D33B}"
EndProject
Global
	GlobalSection(SolutionConfigurationPlatforms) = preSolution
		Debug|Any CPU = Debug|Any CPU
		Release|Any CPU = Release|Any CPU
	EndGlobalSection
	GlobalSection(ProjectConfigurationPlatforms) = postSolution
		{BC8989B1-67BC-4455-A4FF-FEED8008D33B}.Debug|Any CPU.ActiveCfg = Debug|Any CPU
		{BC8989B1-67BC-4455-A4FF-FEED8008D33B}.Debug|Any CPU.Build.0 = Debug|Any CPU
		{BC8989B1-67BC-4455-A4FF-FEED8008D33B}.Release|Any CPU.ActiveCfg = Release|Any CPU
		{BC8989B1-67BC-4455-A4FF-FEED8008D33B}.Release|Any CPU.Build.0 = Release|Any CPU
	EndGlobalSection
	GlobalSection(SolutionProperties) = preSolution
		HideSolutionNode = FALSE
	EndGlobalSection
	GlobalSection(ExtensibilityGlobals) = postSolution
		SolutionGuid = {114BA20B-2E08-4EA9-8D0E-E274E32DD46F}
	EndGlobalSection
EndGlobal
